PODS:
  - Flutter (1.0.0)
  - FURenderKit (7.4.1)
  - MJExtension (3.0.15.1)
  - zego_express_engine (1.0.0):
    - Flutter
    - FURenderKit
    - MJExtension (= 3.0.15.1)
    - ZegoExpressEngine (= 1.16.0)
  - ZegoExpressEngine (1.16.0):
    - ZegoExpressEngine/Video (= 1.16.0)
  - ZegoExpressEngine/Video (1.16.0)

DEPENDENCIES:
  - Flutter (from `Flutter`)
  - zego_express_engine (from `.symlinks/plugins/zego_express_engine/ios`)

SPEC REPOS:
  trunk:
    - FURenderKit
    - MJExtension
    - ZegoExpressEngine

EXTERNAL SOURCES:
  Flutter:
    :path: Flutter
  zego_express_engine:
    :path: ".symlinks/plugins/zego_express_engine/ios"

SPEC CHECKSUMS:
  Flutter: 434fef37c0980e73bb6479ef766c45957d4b510c
  FURenderKit: 53174f25ab4e7d006b6b3ec285493721dff8bd60
  MJExtension: 19bc33ce2eee2d319760f5622562cf581a6ff756
  zego_express_engine: d4391a1f67be992215a87c499d9e1fa6f20b9bd3
  ZegoExpressEngine: 84d7731aa511ad29b23b720643c30e9ddfddf34d

PODFILE CHECKSUM: 46304a4583a8b4e9f926d704b33fe706ccec86df

COCOAPODS: 1.10.2
